
Microsoft Visual Studio Solution File, Format Version 12.00
# Visual Studio Version 16
VisualStudioVersion = 16.0.30503.244
MinimumVisualStudioVersion = 10.0.40219.1
Project("{FAE04EC0-301F-11D3-BF4B-00C04F79EFBC}") = "Lab12", "Lab12\Lab12.csproj", "{115225A8-2B9C-445D-AA68-475B4E9D8AEF}"
EndProject
Global
	GlobalSection(SolutionConfigurationPlatforms) = preSolution
		Debug|Any CPU = Debug|Any CPU
		Release|Any CPU = Release|Any CPU
	EndGlobalSection
	GlobalSection(ProjectConfigurationPlatforms) = postSolution
		{115225A8-2B9C-445D-AA68-475B4E9D8AEF}.Debug|Any CPU.ActiveCfg = Debug|Any CPU
		{115225A8-2B9C-445D-AA68-475B4E9D8AEF}.Debug|Any CPU.Build.0 = Debug|Any CPU
		{115225A8-2B9C-445D-AA68-475B4E9D8AEF}.Release|Any CPU.ActiveCfg = Release|Any CPU
		{115225A8-2B9C-445D-AA68-475B4E9D8AEF}.Release|Any CPU.Build.0 = Release|Any CPU
	EndGlobalSection
	GlobalSection(SolutionProperties) = preSolution
		HideSolutionNode = FALSE
	EndGlobalSection
	GlobalSection(ExtensibilityGlobals) = postSolution
		SolutionGuid = {9EA9603B-BDDA-4AA4-B50D-6C268B22143A}
	EndGlobalSection
EndGlobal
